
Microsoft Visual Studio Solution File, Format Version 12.00
# Visual Studio Version 17
VisualStudioVersion = 17.11.35327.3
MinimumVisualStudioVersion = 10.0.40219.1
Project("{FAE04EC0-301F-11D3-BF4B-00C04F79EFBC}") = "FilmArsivim", "FilmArsivim\FilmArsivim.csproj", "{76F4199B-75D4-403B-9989-F7666308638E}"
EndProject
Global
	GlobalSection(SolutionConfigurationPlatforms) = preSolution
		Debug|Any CPU = Debug|Any CPU
		Release|Any CPU = Release|Any CPU
	EndGlobalSection
	GlobalSection(ProjectConfigurationPlatforms) = postSolution
		{76F4199B-75D4-403B-9989-F7666308638E}.Debug|Any CPU.ActiveCfg = Debug|Any CPU
		{76F4199B-75D4-403B-9989-F7666308638E}.Debug|Any CPU.Build.0 = Debug|Any CPU
		{76F4199B-75D4-403B-9989-F7666308638E}.Release|Any CPU.ActiveCfg = Release|Any CPU
		{76F4199B-75D4-403B-9989-F7666308638E}.Release|Any CPU.Build.0 = Release|Any CPU
	EndGlobalSection
	GlobalSection(SolutionProperties) = preSolution
		HideSolutionNode = FALSE
	EndGlobalSection
	GlobalSection(ExtensibilityGlobals) = postSolution
		SolutionGuid = {F9BD44DC-27F7-4CB1-A20D-9BC951E1B129}
	EndGlobalSection
EndGlobal
