
Microsoft Visual Studio Solution File, Format Version 12.00
# Visual Studio Version 17
VisualStudioVersion = 17.11.35327.3
MinimumVisualStudioVersion = 10.0.40219.1
Project("{FAE04EC0-301F-11D3-BF4B-00C04F79EFBC}") = "List_OgrenciBilgi", "List_OgrenciBilgi\List_OgrenciBilgi.csproj", "{763C21E6-DCDF-4762-B49A-ACA453ED4B21}"
EndProject
Global
	GlobalSection(SolutionConfigurationPlatforms) = preSolution
		Debug|Any CPU = Debug|Any CPU
		Release|Any CPU = Release|Any CPU
	EndGlobalSection
	GlobalSection(ProjectConfigurationPlatforms) = postSolution
		{763C21E6-DCDF-4762-B49A-ACA453ED4B21}.Debug|Any CPU.ActiveCfg = Debug|Any CPU
		{763C21E6-DCDF-4762-B49A-ACA453ED4B21}.Debug|Any CPU.Build.0 = Debug|Any CPU
		{763C21E6-DCDF-4762-B49A-ACA453ED4B21}.Release|Any CPU.ActiveCfg = Release|Any CPU
		{763C21E6-DCDF-4762-B49A-ACA453ED4B21}.Release|Any CPU.Build.0 = Release|Any CPU
	EndGlobalSection
	GlobalSection(SolutionProperties) = preSolution
		HideSolutionNode = FALSE
	EndGlobalSection
	GlobalSection(ExtensibilityGlobals) = postSolution
		SolutionGuid = {5D61178E-B6F2-4B4D-97C2-87EA28BCEED9}
	EndGlobalSection
EndGlobal
