
Microsoft Visual Studio Solution File, Format Version 12.00
# Visual Studio Version 17
VisualStudioVersion = 17.11.35327.3
MinimumVisualStudioVersion = 10.0.40219.1
Project("{FAE04EC0-301F-11D3-BF4B-00C04F79EFBC}") = "Mesajlasma", "Mesajlasma\Mesajlasma.csproj", "{7DF9193E-DA36-4314-9274-B4BBDF4C171B}"
EndProject
Global
	GlobalSection(SolutionConfigurationPlatforms) = preSolution
		Debug|Any CPU = Debug|Any CPU
		Release|Any CPU = Release|Any CPU
	EndGlobalSection
	GlobalSection(ProjectConfigurationPlatforms) = postSolution
		{7DF9193E-DA36-4314-9274-B4BBDF4C171B}.Debug|Any CPU.ActiveCfg = Debug|Any CPU
		{7DF9193E-DA36-4314-9274-B4BBDF4C171B}.Debug|Any CPU.Build.0 = Debug|Any CPU
		{7DF9193E-DA36-4314-9274-B4BBDF4C171B}.Release|Any CPU.ActiveCfg = Release|Any CPU
		{7DF9193E-DA36-4314-9274-B4BBDF4C171B}.Release|Any CPU.Build.0 = Release|Any CPU
	EndGlobalSection
	GlobalSection(SolutionProperties) = preSolution
		HideSolutionNode = FALSE
	EndGlobalSection
	GlobalSection(ExtensibilityGlobals) = postSolution
		SolutionGuid = {6927671D-C033-417F-A024-F2484EF3F178}
	EndGlobalSection
EndGlobal
