
Microsoft Visual Studio Solution File, Format Version 12.00
# Visual Studio Version 17
VisualStudioVersion = 17.11.35327.3
MinimumVisualStudioVersion = 10.0.40219.1
Project("{FAE04EC0-301F-11D3-BF4B-00C04F79EFBC}") = "SifreliVeriler", "SifreliVeriler\SifreliVeriler.csproj", "{25C195A2-E708-4F34-97F7-DAC94B4046DB}"
EndProject
Global
	GlobalSection(SolutionConfigurationPlatforms) = preSolution
		Debug|Any CPU = Debug|Any CPU
		Release|Any CPU = Release|Any CPU
	EndGlobalSection
	GlobalSection(ProjectConfigurationPlatforms) = postSolution
		{25C195A2-E708-4F34-97F7-DAC94B4046DB}.Debug|Any CPU.ActiveCfg = Debug|Any CPU
		{25C195A2-E708-4F34-97F7-DAC94B4046DB}.Debug|Any CPU.Build.0 = Debug|Any CPU
		{25C195A2-E708-4F34-97F7-DAC94B4046DB}.Release|Any CPU.ActiveCfg = Release|Any CPU
		{25C195A2-E708-4F34-97F7-DAC94B4046DB}.Release|Any CPU.Build.0 = Release|Any CPU
	EndGlobalSection
	GlobalSection(SolutionProperties) = preSolution
		HideSolutionNode = FALSE
	EndGlobalSection
	GlobalSection(ExtensibilityGlobals) = postSolution
		SolutionGuid = {668C855D-CB30-46CC-A7D2-E4AD27F7ABC4}
	EndGlobalSection
EndGlobal
